{
  "name": "serene",
  "version": "1.0.0",
  "lockfileVersion": 1,
  "requires": true,
  "dependencies": {
    "@types/jquery": {
      "version": "2.0.53",
      "resolved": "https://registry.npmjs.org/@types/jquery/-/jquery-2.0.53.tgz",
      "integrity": "sha512-MZKPWUhp5TKkoJ/58NSq6io+CSUCOHm2b3Z6U4+r9v70kktB0JM+eRjdp6YmDHtw0kK2XB7L2K7/FMIoziHjUA=="
    },
    "@types/jquery.blockui": {
      "version": "0.0.27",
      "resolved": "https://registry.npmjs.org/@types/jquery.blockui/-/jquery.blockui-0.0.27.tgz",
      "integrity": "sha1-6xcjUruBKnFRXDoUv32adRh7I1A=",
      "requires": {
        "@types/jquery": "*"
      }
    },
    "@types/jquery.cookie": {
      "version": "1.4.31",
      "resolved": "https://registry.npmjs.org/@types/jquery.cookie/-/jquery.cookie-1.4.31.tgz",
      "integrity": "sha1-hgqCudf8/mAwXeBvgRvx1nCCJuw=",
      "requires": {
        "@types/jquery": "*"
      }
    },
    "@types/jquery.validation": {
      "version": "1.16.5",
      "resolved": "https://registry.npmjs.org/@types/jquery.validation/-/jquery.validation-1.16.5.tgz",
      "integrity": "sha1-YnVsXGWUwx70U7RNXBd349xo+bE=",
      "requires": {
        "@types/jquery": "*"
      }
    },
    "@types/jqueryui": {
      "version": "1.12.6",
      "resolved": "https://registry.npmjs.org/@types/jqueryui/-/jqueryui-1.12.6.tgz",
      "integrity": "sha512-lF4aIWtQ3Xbd6J+9WXz/day1pyf39ZMO/KUrigFAuMQ6FFVw2xZBIRCUwA7/CEnab1Bb7b4ko304Lxrp2xw8hQ==",
      "requires": {
        "@types/jquery": "*"
      }
    },
    "@types/jspdf": {
      "version": "1.2.2",
      "resolved": "https://registry.npmjs.org/@types/jspdf/-/jspdf-1.2.2.tgz",
      "integrity": "sha512-OeryGbolZyGuMGlVyn/D7g1KsVClNmbnt8DE9TgOxKG6ixMeG9f8iqspLuhhuQx8BS8zs8Tyn1yEth+ptdkVgw=="
    },
    "@types/prop-types": {
      "version": "15.5.8",
      "resolved": "https://registry.npmjs.org/@types/prop-types/-/prop-types-15.5.8.tgz",
      "integrity": "sha512-3AQoUxQcQtLHsK25wtTWIoIpgYjH3vSDroZOUr7PpCHw/jLY1RB9z9E8dBT/OSmwStVgkRNvdh+ZHNiomRieaw=="
    },
    "@types/react": {
      "version": "16.7.20",
      "resolved": "https://registry.npmjs.org/@types/react/-/react-16.7.20.tgz",
      "integrity": "sha512-Qd5RWkwl6SL7R2XzLk/cicjVQm1Mhc6HqXY5Ei4pWd1Vi8Fkbd5O0sA398x8fRSTPAuHdDYD9nrWmJMYTJI0vQ==",
      "requires": {
        "@types/prop-types": "*",
        "csstype": "^2.2.0"
      }
    },
    "@types/sortablejs": {
      "version": "1.7.2",
      "resolved": "https://registry.npmjs.org/@types/sortablejs/-/sortablejs-1.7.2.tgz",
      "integrity": "sha512-yIxpbtlfhaFi2QyuUK54XcmzDWZf5i11CgTrMO4Vh+sKKZthonizkTcqhADeHdngDNTDVUCYfIcfIvpZRAZY+A=="
    },
    "@types/toastr": {
      "version": "2.1.35",
      "resolved": "https://registry.npmjs.org/@types/toastr/-/toastr-2.1.35.tgz",
      "integrity": "sha1-mynueGdEmUxPfq/uQVsSX4Nd2FQ=",
      "requires": {
        "@types/jquery": "*"
      }
    },
    "csstype": {
      "version": "2.6.1",
      "resolved": "https://registry.npmjs.org/csstype/-/csstype-2.6.1.tgz",
      "integrity": "sha512-wv7IRqCGsL7WGKB8gPvrl+++HlFM9kxAM6jL1EXNPNTshEJYilMkbfS2SnuHha77uosp/YVK0wAp2jmlBzn1tg=="
    }
  }
}
